
Microsoft Visual Studio Solution File, Format Version 12.00
# Visual Studio Version 17
VisualStudioVersion = 17.8.34511.84
MinimumVisualStudioVersion = 10.0.40219.1
Project("{C9674DCB-5085-4A16-B785-4C70DD1589BD}") = "Seguros", "Seguros\Seguros.dtproj", "{5503BA60-9135-471B-AC00-FE725D743FE9}"
EndProject
Global
	GlobalSection(SolutionConfigurationPlatforms) = preSolution
		Development|Default = Development|Default
	EndGlobalSection
	GlobalSection(ProjectConfigurationPlatforms) = postSolution
		{5503BA60-9135-471B-AC00-FE725D743FE9}.Development|Default.ActiveCfg = Development
		{5503BA60-9135-471B-AC00-FE725D743FE9}.Development|Default.Build.0 = Development
	EndGlobalSection
	GlobalSection(SolutionProperties) = preSolution
		HideSolutionNode = FALSE
	EndGlobalSection
	GlobalSection(ExtensibilityGlobals) = postSolution
		SolutionGuid = {02BB03B5-1E30-4360-93F0-BA01501F05EC}
	EndGlobalSection
EndGlobal
